
Microsoft Visual Studio Solution File, Format Version 12.00
# Visual Studio Version 17
VisualStudioVersion = 17.0.31903.59
MinimumVisualStudioVersion = 10.0.40219.1
Project("{8BC9CEB8-8B4A-11D0-8D11-00A0C91BC942}") = "Rust Code Typer", "Rust Code Typer.vcxproj", "{3CE0BA30-E100-4169-A67B-18B6EC1AE061}"
EndProject
Global
	GlobalSection(SolutionConfigurationPlatforms) = preSolution
		Debug|x64 = Debug|x64
		Debug|x86 = Debug|x86
		Release|x64 = Release|x64
		Release|x86 = Release|x86
	EndGlobalSection
	GlobalSection(ProjectConfigurationPlatforms) = postSolution
		{3CE0BA30-E100-4169-A67B-18B6EC1AE061}.Debug|x64.ActiveCfg = Debug|x64
		{3CE0BA30-E100-4169-A67B-18B6EC1AE061}.Debug|x64.Build.0 = Debug|x64
		{3CE0BA30-E100-4169-A67B-18B6EC1AE061}.Debug|x86.ActiveCfg = Debug|Win32
		{3CE0BA30-E100-4169-A67B-18B6EC1AE061}.Debug|x86.Build.0 = Debug|Win32
		{3CE0BA30-E100-4169-A67B-18B6EC1AE061}.Release|x64.ActiveCfg = Release|x64
		{3CE0BA30-E100-4169-A67B-18B6EC1AE061}.Release|x64.Build.0 = Release|x64
		{3CE0BA30-E100-4169-A67B-18B6EC1AE061}.Release|x86.ActiveCfg = Release|Win32
		{3CE0BA30-E100-4169-A67B-18B6EC1AE061}.Release|x86.Build.0 = Release|Win32
	EndGlobalSection
	GlobalSection(SolutionProperties) = preSolution
		HideSolutionNode = FALSE
	EndGlobalSection
	GlobalSection(ExtensibilityGlobals) = postSolution
		SolutionGuid = {8E306D1D-4825-4D49-B54A-513F0DC83976}
	EndGlobalSection
EndGlobal
